// !$*UTF8*$!
{
	archiveVersion = 1;
	classes = {
	};
	objectVersion = 50;
	objects = {

/* Begin PBXBuildFile section */
		8E37736A2417E2620007CB82 /* AppDelegate.swift in Sources */ = {isa = PBXBuildFile; fileRef = 8E3773692417E2620007CB82 /* AppDelegate.swift */; };
		8E37736C2417E2620007CB82 /* SceneDelegate.swift in Sources */ = {isa = PBXBuildFile; fileRef = 8E37736B2417E2620007CB82 /* SceneDelegate.swift */; };
		8E37736E2417E2620007CB82 /* MainViewController.swift in Sources */ = {isa = PBXBuildFile; fileRef = 8E37736D2417E2620007CB82 /* MainViewController.swift */; };
		8E3773712417E2620007CB82 /* Main.storyboard in Resources */ = {isa = PBXBuildFile; fileRef = 8E37736F2417E2620007CB82 /* Main.storyboard */; };
		8E3773732417E2640007CB82 /* Assets.xcassets in Resources */ = {isa = PBXBuildFile; fileRef = 8E3773722417E2640007CB82 /* Assets.xcassets */; };
		8E3773762417E2640007CB82 /* LaunchScreen.storyboard in Resources */ = {isa = PBXBuildFile; fileRef = 8E3773742417E2640007CB82 /* LaunchScreen.storyboard */; };
/* End PBXBuildFile section */

/* Begin PBXFileReference section */
		8E3773662417E2620007CB82 /* UIPresentationControllerExample.app */ = {isa = PBXFileReference; explicitFileType = wrapper.application; includeInIndex = 0; path = UIPresentationControllerExample.app; sourceTree = BUILT_PRODUCTS_DIR; };
		8E3773692417E2620007CB82 /* AppDelegate.swift */ = {isa = PBXFileReference; lastKnownFileType = sourcecode.swift; path = AppDelegate.swift; sourceTree = "<group>"; };
		8E37736B2417E2620007CB82 /* SceneDelegate.swift */ = {isa = PBXFileReference; lastKnownFileType = sourcecode.swift; path = SceneDelegate.swift; sourceTree = "<group>"; };
		8E37736D2417E2620007CB82 /* MainViewController.swift */ = {isa = PBXFileReference; lastKnownFileType = sourcecode.swift; path = MainViewController.swift; sourceTree = "<group>"; };
		8E3773702417E2620007CB82 /* Base */ = {isa = PBXFileReference; lastKnownFileType = file.storyboard; name = Base; path = Base.lproj/Main.storyboard; sourceTree = "<group>"; };
		8E3773722417E2640007CB82 /* Assets.xcassets */ = {isa = PBXFileReference; lastKnownFileType = folder.assetcatalog; path = Assets.xcassets; sourceTree = "<group>"; };
		8E3773752417E2640007CB82 /* Base */ = {isa = PBXFileReference; lastKnownFileType = file.storyboard; name = Base; path = Base.lproj/LaunchScreen.storyboard; sourceTree = "<group>"; };
		8E3773772417E2640007CB82 /* Info.plist */ = {isa = PBXFileReference; lastKnownFileType = text.plist.xml; path = Info.plist; sourceTree = "<group>"; };
/* End PBXFileReference section */

/* Begin PBXFrameworksBuildPhase section */
		8E3773632417E2620007CB82 /* Frameworks */ = {
			isa = PBXFrameworksBuildPhase;
			buildActionMask = 2147483647;
			files = (
			);
			runOnlyForDeploymentPostprocessing = 0;
		};
/* End PBXFrameworksBuildPhase section */

/* Begin PBXGroup section */
		8E37735D2417E2620007CB82 = {
			isa = PBXGroup;
			children = (
				8E3773682417E2620007CB82 /* UIPresentationControllerExample */,
				8E3773672417E2620007CB82 /* Products */,
			);
			sourceTree = "<group>";
		};
		8E3773672417E2620007CB82 /* Products */ = {
			isa = PBXGroup;
			children = (
				8E3773662417E2620007CB82 /* UIPresentationControllerExample.app */,
			);
			name = Products;
			sourceTree = "<group>";
		};
		8E3773682417E2620007CB82 /* UIPresentationControllerExample */ = {
			isa = PBXGroup;
			children = (
				8EE5172A2417EA18003FE175 /* UIParts */,
				8EE517292417EA0F003FE175 /* ViewController */,
				8E3773692417E2620007CB82 /* AppDelegate.swift */,
				8E37736B2417E2620007CB82 /* SceneDelegate.swift */,
				8E3773722417E2640007CB82 /* Assets.xcassets */,
				8E3773772417E2640007CB82 /* Info.plist */,
			);
			path = UIPresentationControllerExample;
			sourceTree = "<group>";
		};
		8EE517292417EA0F003FE175 /* ViewController */ = {
			isa = PBXGroup;
			children = (
				8E37736D2417E2620007CB82 /* MainViewController.swift */,
			);
			path = ViewController;
			sourceTree = "<group>";
		};
		8EE5172A2417EA18003FE175 /* UIParts */ = {
			isa = PBXGroup;
			children = (
				8E37736F2417E2620007CB82 /* Main.storyboard */,
				8E3773742417E2640007CB82 /* LaunchScreen.storyboard */,
			);
			path = UIParts;
			sourceTree = "<group>";
		};
/* End PBXGroup section */

/* Begin PBXNativeTarget section */
		8E3773652417E2620007CB82 /* UIPresentationControllerExample */ = {
			isa = PBXNativeTarget;
			buildConfigurationList = 8E37737A2417E2640007CB82 /* Build configuration list for PBXNativeTarget "UIPresentationControllerExample" */;
			buildPhases = (
				8E3773622417E2620007CB82 /* Sources */,
				8E3773632417E2620007CB82 /* Frameworks */,
				8E3773642417E2620007CB82 /* Resources */,
			);
			buildRules = (
			);
			dependencies = (
			);
			name = UIPresentationControllerExample;
			productName = UIPresentationControllerExample;
			productReference = 8E3773662417E2620007CB82 /* UIPresentationControllerExample.app */;
			productType = "com.apple.product-type.application";
		};
/* End PBXNativeTarget section */

/* Begin PBXProject section */
		8E37735E2417E2620007CB82 /* Project object */ = {
			isa = PBXProject;
			attributes = {
				LastSwiftUpdateCheck = 1130;
				LastUpgradeCheck = 1130;
				ORGANIZATIONNAME = yamada.ryo;
				TargetAttributes = {
					8E3773652417E2620007CB82 = {
						CreatedOnToolsVersion = 11.3.1;
					};
				};
			};
			buildConfigurationList = 8E3773612417E2620007CB82 /* Build configuration list for PBXProject "UIPresentationControllerExample" */;
			compatibilityVersion = "Xcode 9.3";
			developmentRegion = en;
			hasScannedForEncodings = 0;
			knownRegions = (
				en,
				Base,
			);
			mainGroup = 8E37735D2417E2620007CB82;
			productRefGroup = 8E3773672417E2620007CB82 /* Products */;
			projectDirPath = "";
			projectRoot = "";
			targets = (
				8E3773652417E2620007CB82 /* UIPresentationControllerExample */,
			);
		};
/* End PBXProject section */

/* Begin PBXResourcesBuildPhase section */
		8E3773642417E2620007CB82 /* Resources */ = {
			isa = PBXResourcesBuildPhase;
			buildActionMask = 2147483647;
			files = (
				8E3773762417E2640007CB82 /* LaunchScreen.storyboard in Resources */,
				8E3773732417E2640007CB82 /* Assets.xcassets in Resources */,
				8E3773712417E2620007CB82 /* Main.storyboard in Resources */,
			);
			runOnlyForDeploymentPostprocessing = 0;
		};
/* End PBXResourcesBuildPhase section */

/* Begin PBXSourcesBuildPhase section */
		8E3773622417E2620007CB82 /* Sources */ = {
			isa = PBXSourcesBuildPhase;
			buildActionMask = 2147483647;
			files = (
				8E37736E2417E2620007CB82 /* MainViewController.swift in Sources */,
				8E37736A2417E2620007CB82 /* AppDelegate.swift in Sources */,
				8E37736C2417E2620007CB82 /* SceneDelegate.swift in Sources */,
			);
			runOnlyForDeploymentPostprocessing = 0;
		};
/* End PBXSourcesBuildPhase section */

/* Begin PBXVariantGroup section */
		8E37736F2417E2620007CB82 /* Main.storyboard */ = {
			isa = PBXVariantGroup;
			children = (
				8E3773702417E2620007CB82 /* Base */,
			);
			name = Main.storyboard;
			sourceTree = "<group>";
		};
		8E3773742417E2640007CB82 /* LaunchScreen.storyboard */ = {
			isa = PBXVariantGroup;
			children = (
				8E3773752417E2640007CB82 /* Base */,
			);
			name = LaunchScreen.storyboard;
			sourceTree = "<group>";
		};
/* End PBXVariantGroup section */

/* Begin XCBuildConfiguration section */
		8E3773782417E2640007CB82 /* Debug */ = {
			isa = XCBuildConfiguration;
			buildSettings = {
				ALWAYS_SEARCH_USER_PATHS = NO;
				CLANG_ANALYZER_NONNULL = YES;
				CLANG_ANALYZER_NUMBER_OBJECT_CONVERSION = YES_AGGRESSIVE;
				CLANG_CXX_LANGUAGE_STANDARD = "gnu++14";
				CLANG_CXX_LIBRARY = "libc++";
				CLANG_ENABLE_MODULES = YES;
				CLANG_ENABLE_OBJC_ARC = YES;
				CLANG_ENABLE_OBJC_WEAK = YES;
				CLANG_WARN_BLOCK_CAPTURE_AUTORELEASING = YES;
				CLANG_WARN_BOOL_CONVERSION = YES;
				CLANG_WARN_COMMA = YES;
				CLANG_WARN_CONSTANT_CONVERSION = YES;
				CLANG_WARN_DEPRECATED_OBJC_IMPLEMENTATIONS = YES;
				CLANG_WARN_DIRECT_OBJC_ISA_USAGE = YES_ERROR;
				CLANG_WARN_DOCUMENTATION_COMMENTS = YES;
				CLANG_WARN_EMPTY_BODY = YES;
				CLANG_WARN_ENUM_CONVERSION = YES;
				CLANG_WARN_INFINITE_RECURSION = YES;
				CLANG_WARN_INT_CONVERSION = YES;
				CLANG_WARN_NON_LITERAL_NULL_CONVERSION = YES;
				CLANG_WARN_OBJC_IMPLICIT_RETAIN_SELF = YES;
				CLANG_WARN_OBJC_LITERAL_CONVERSION = YES;
				CLANG_WARN_OBJC_ROOT_CLASS = YES_ERROR;
				CLANG_WARN_RANGE_LOOP_ANALYSIS = YES;
				CLANG_WARN_STRICT_PROTOTYPES = YES;
				CLANG_WARN_SUSPICIOUS_MOVE = YES;
				CLANG_WARN_UNGUARDED_AVAILABILITY = YES_AGGRESSIVE;
				CLANG_WARN_UNREACHABLE_CODE = YES;
				CLANG_WARN__DUPLICATE_METHOD_MATCH = YES;
				COPY_PHASE_STRIP = NO;
				DEBUG_INFORMATION_FORMAT = dwarf;
				ENABLE_STRICT_OBJC_MSGSEND = YES;
				ENABLE_TESTABILITY = YES;
				GCC_C_LANGUAGE_STANDARD = gnu11;
				GCC_DYNAMIC_NO_PIC = NO;
				GCC_NO_COMMON_BLOCKS = YES;
				GCC_OPTIMIZATION_LEVEL = 0;
				GCC_PREPROCESSOR_DEFINITIONS = (
					"DEBUG=1",
					"$(inherited)",
				);
				GCC_WARN_64_TO_32_BIT_CONVERSION = YES;
				GCC_WARN_ABOUT_RETURN_TYPE = YES_ERROR;
				GCC_WARN_UNDECLARED_SELECTOR = YES;
				GCC_WARN_UNINITIALIZED_AUTOS = YES_AGGRESSIVE;
				GCC_WARN_UNUSED_FUNCTION = YES;
				GCC_WARN_UNUSED_VARIABLE = YES;
				IPHONEOS_DEPLOYMENT_TARGET = 13.2;
				MTL_ENABLE_DEBUG_INFO = INCLUDE_SOURCE;
				MTL_FAST_MATH = YES;
				ONLY_ACTIVE_ARCH = YES;
				SDKROOT = iphoneos;
				SWIFT_ACTIVE_COMPILATION_CONDITIONS = DEBUG;
				SWIFT_OPTIMIZATION_LEVEL = "-Onone";
			};
			name = Debug;
		};
		8E3773792417E2640007CB82 /* Release */ = {
			isa = XCBuildConfiguration;
			buildSettings = {
				ALWAYS_SEARCH_USER_PATHS = NO;
				CLANG_ANALYZER_NONNULL = YES;
				CLANG_ANALYZER_NUMBER_OBJECT_CONVERSION = YES_AGGRESSIVE;
				CLANG_CXX_LANGUAGE_STANDARD = "gnu++14";
				CLANG_CXX_LIBRARY = "libc++";
				CLANG_ENABLE_MODULES = YES;
				CLANG_ENABLE_OBJC_ARC = YES;
				CLANG_ENABLE_OBJC_WEAK = YES;
				CLANG_WARN_BLOCK_CAPTURE_AUTORELEASING = YES;
				CLANG_WARN_BOOL_CONVERSION = YES;
				CLANG_WARN_COMMA = YES;
				CLANG_WARN_CONSTANT_CONVERSION = YES;
				CLANG_WARN_DEPRECATED_OBJC_IMPLEMENTATIONS = YES;
				CLANG_WARN_DIRECT_OBJC_ISA_USAGE = YES_ERROR;
				CLANG_WARN_DOCUMENTATION_COMMENTS = YES;
				CLANG_WARN_EMPTY_BODY = YES;
				CLANG_WARN_ENUM_CONVERSION = YES;
				CLANG_WARN_INFINITE_RECURSION = YES;
				CLANG_WARN_INT_CONVERSION = YES;
				CLANG_WARN_NON_LITERAL_NULL_CONVERSION = YES;
				CLANG_WARN_OBJC_IMPLICIT_RETAIN_SELF = YES;
				CLANG_WARN_OBJC_LITERAL_CONVERSION = YES;
				CLANG_WARN_OBJC_ROOT_CLASS = YES_ERROR;
				CLANG_WARN_RANGE_LOOP_ANALYSIS = YES;
				CLANG_WARN_STRICT_PROTOTYPES = YES;
				CLANG_WARN_SUSPICIOUS_MOVE = YES;
				CLANG_WARN_UNGUARDED_AVAILABILITY = YES_AGGRESSIVE;
				CLANG_WARN_UNREACHABLE_CODE = YES;
				CLANG_WARN__DUPLICATE_METHOD_MATCH = YES;
				COPY_PHASE_STRIP = NO;
				DEBUG_INFORMATION_FORMAT = "dwarf-with-dsym";
				ENABLE_NS_ASSERTIONS = NO;
				ENABLE_STRICT_OBJC_MSGSEND = YES;
				GCC_C_LANGUAGE_STANDARD = gnu11;
				GCC_NO_COMMON_BLOCKS = YES;
				GCC_WARN_64_TO_32_BIT_CONVERSION = YES;
				GCC_WARN_ABOUT_RETURN_TYPE = YES_ERROR;
				GCC_WARN_UNDECLARED_SELECTOR = YES;
				GCC_WARN_UNINITIALIZED_AUTOS = YES_AGGRESSIVE;
				GCC_WARN_UNUSED_FUNCTION = YES;
				GCC_WARN_UNUSED_VARIABLE = YES;
				IPHONEOS_DEPLOYMENT_TARGET = 13.2;
				MTL_ENABLE_DEBUG_INFO = NO;
				MTL_FAST_MATH = YES;
				SDKROOT = iphoneos;
				SWIFT_COMPILATION_MODE = wholemodule;
				SWIFT_OPTIMIZATION_LEVEL = "-O";
				VALIDATE_PRODUCT = YES;
			};
			name = Release;
		};
		8E37737B2417E2640007CB82 /* Debug */ = {
			isa = XCBuildConfiguration;
			buildSettings = {
				ASSETCATALOG_COMPILER_APPICON_NAME = AppIcon;
				CODE_SIGN_STYLE = Automatic;
				INFOPLIST_FILE = UIPresentationControllerExample/Info.plist;
				LD_RUNPATH_SEARCH_PATHS = (
					"$(inherited)",
					"@executable_path/Frameworks",
				);
				PRODUCT_BUNDLE_IDENTIFIER = testOrg.UIPresentationControllerExample;
				PRODUCT_NAME = "$(TARGET_NAME)";
				SWIFT_VERSION = 5.0;
				TARGETED_DEVICE_FAMILY = "1,2";
			};
			name = Debug;
		};
		8E37737C2417E2640007CB82 /* Release */ = {
			isa = XCBuildConfiguration;
			buildSettings = {
				ASSETCATALOG_COMPILER_APPICON_NAME = AppIcon;
				CODE_SIGN_STYLE = Automatic;
				INFOPLIST_FILE = UIPresentationControllerExample/Info.plist;
				LD_RUNPATH_SEARCH_PATHS = (
					"$(inherited)",
					"@executable_path/Frameworks",
				);
				PRODUCT_BUNDLE_IDENTIFIER = testOrg.UIPresentationControllerExample;
				PRODUCT_NAME = "$(TARGET_NAME)";
				SWIFT_VERSION = 5.0;
				TARGETED_DEVICE_FAMILY = "1,2";
			};
			name = Release;
		};
/* End XCBuildConfiguration section */

/* Begin XCConfigurationList section */
		8E3773612417E2620007CB82 /* Build configuration list for PBXProject "UIPresentationControllerExample" */ = {
			isa = XCConfigurationList;
			buildConfigurations = (
				8E3773782417E2640007CB82 /* Debug */,
				8E3773792417E2640007CB82 /* Release */,
			);
			defaultConfigurationIsVisible = 0;
			defaultConfigurationName = Release;
		};
		8E37737A2417E2640007CB82 /* Build configuration list for PBXNativeTarget "UIPresentationControllerExample" */ = {
			isa = XCConfigurationList;
			buildConfigurations = (
				8E37737B2417E2640007CB82 /* Debug */,
				8E37737C2417E2640007CB82 /* Release */,
			);
			defaultConfigurationIsVisible = 0;
			defaultConfigurationName = Release;
		};
/* End XCConfigurationList section */
	};
	rootObject = 8E37735E2417E2620007CB82 /* Project object */;
}
